
Microsoft Visual Studio Solution File, Format Version 12.00
# Visual Studio Version 16
VisualStudioVersion = 16.0.28803.202
MinimumVisualStudioVersion = 10.0.40219.1
Project("{FAE04EC0-301F-11D3-BF4B-00C04F79EFBC}") = "Server", "Server\Server.csproj", "{F66E863A-40A1-4394-9EBA-944A8CCB362A}"
EndProject
Project("{9A19103F-16F7-4668-BE54-9A1E7A4F7556}") = "ClassLib", "ClassLib\ClassLib.csproj", "{4EACDB77-70F8-4D8A-802D-E1DE09BABCAA}"
EndProject
Project("{FAE04EC0-301F-11D3-BF4B-00C04F79EFBC}") = "GoogleSheetAccessProviderLib", "GoogleSheetAccessProviderLib\GoogleSheetAccessProviderLib.csproj", "{E2B0CDFA-55C5-40BC-BC00-47618E240519}"
EndProject
Global
	GlobalSection(SolutionConfigurationPlatforms) = preSolution
		Debug|Any CPU = Debug|Any CPU
		Release|Any CPU = Release|Any CPU
	EndGlobalSection
	GlobalSection(ProjectConfigurationPlatforms) = postSolution
		{F66E863A-40A1-4394-9EBA-944A8CCB362A}.Debug|Any CPU.ActiveCfg = Debug|Any CPU
		{F66E863A-40A1-4394-9EBA-944A8CCB362A}.Debug|Any CPU.Build.0 = Debug|Any CPU
		{F66E863A-40A1-4394-9EBA-944A8CCB362A}.Release|Any CPU.ActiveCfg = Release|Any CPU
		{F66E863A-40A1-4394-9EBA-944A8CCB362A}.Release|Any CPU.Build.0 = Release|Any CPU
		{4EACDB77-70F8-4D8A-802D-E1DE09BABCAA}.Debug|Any CPU.ActiveCfg = Debug|Any CPU
		{4EACDB77-70F8-4D8A-802D-E1DE09BABCAA}.Debug|Any CPU.Build.0 = Debug|Any CPU
		{4EACDB77-70F8-4D8A-802D-E1DE09BABCAA}.Release|Any CPU.ActiveCfg = Release|Any CPU
		{4EACDB77-70F8-4D8A-802D-E1DE09BABCAA}.Release|Any CPU.Build.0 = Release|Any CPU
		{E2B0CDFA-55C5-40BC-BC00-47618E240519}.Debug|Any CPU.ActiveCfg = Debug|Any CPU
		{E2B0CDFA-55C5-40BC-BC00-47618E240519}.Debug|Any CPU.Build.0 = Debug|Any CPU
		{E2B0CDFA-55C5-40BC-BC00-47618E240519}.Release|Any CPU.ActiveCfg = Release|Any CPU
		{E2B0CDFA-55C5-40BC-BC00-47618E240519}.Release|Any CPU.Build.0 = Release|Any CPU
	EndGlobalSection
	GlobalSection(SolutionProperties) = preSolution
		HideSolutionNode = FALSE
	EndGlobalSection
	GlobalSection(ExtensibilityGlobals) = postSolution
		SolutionGuid = {CB54EFEC-F59A-48EE-A053-BB560AC0845B}
	EndGlobalSection
EndGlobal
